version = 1
revision = 2
requires-python = ">=3.13"

[[package]]
name = "basedpyright"
version = "1.31.0"
source = { registry = "https://pypi.org/simple" }
dependencies = [
    { name = "nodejs-wheel-binaries" },
]
sdist = { url = "https://files.pythonhosted.org/packages/20/23/6dc0df43c62fdec401b1ec3aea698ba50c5abfca25259e9f0208b34d7abe/basedpyright-1.31.0.tar.gz", hash = "sha256:900a573a525a0f66f884075c2a98711bb9478e44dc60ffdf182ef681bf8e2c76", size = 22062384, upload-time = "2025-07-16T11:37:29.189Z" }
wheels = [
    { url = "https://files.pythonhosted.org/packages/5a/85/cb46707458c514ae959fe139135d8f7231d95faf1c383a56979a3436b965/basedpyright-1.31.0-py3-none-any.whl", hash = "sha256:d7460ddcd3a2332b1c3fd738735d18bf2966d49aed67237efa1f19635199d414", size = 11538999, upload-time = "2025-07-16T11:37:26.446Z" },
]

[[package]]
name = "click"
version = "8.2.1"
source = { registry = "https://pypi.org/simple" }
dependencies = [
    { name = "colorama", marker = "sys_platform == 'win32'" },
]
sdist = { url = "https://files.pythonhosted.org/packages/60/6c/8ca2efa64cf75a977a0d7fac081354553ebe483345c734fb6b6515d96bbc/click-8.2.1.tar.gz", hash = "sha256:27c491cc05d968d271d5a1db13e3b5a184636d9d930f148c50b038f0d0646202", size = 286342, upload-time = "2025-05-20T23:19:49.832Z" }
wheels = [
    { url = "https://files.pythonhosted.org/packages/85/32/10bb5764d90a8eee674e9dc6f4db6a0ab47c8c4d0d83c27f7c39ac415a4d/click-8.2.1-py3-none-any.whl", hash = "sha256:61a3265b914e850b85317d0b3109c7f8cd35a670f963866005d6ef1d5175a12b", size = 102215, upload-time = "2025-05-20T23:19:47.796Z" },
]

[[package]]
name = "colorama"
version = "0.4.6"
source = { registry = "https://pypi.org/simple" }
sdist = { url = "https://files.pythonhosted.org/packages/d8/53/6f443c9a4a8358a93a6792e2acffb9d9d5cb0a5cfd8802644b7b1c9a02e4/colorama-0.4.6.tar.gz", hash = "sha256:08695f5cb7ed6e0531a20572697297273c47b8cae5a63ffc6d6ed5c201be6e44", size = 27697, upload-time = "2022-10-25T02:36:22.414Z" }
wheels = [
    { url = "https://files.pythonhosted.org/packages/d1/d6/3965ed04c63042e047cb6a3e6ed1a63a35087b6a609aa3a15ed8ac56c221/colorama-0.4.6-py2.py3-none-any.whl", hash = "sha256:4f1d9991f5acc0ca119f9d443620b77f9d6b33703e51011c16baf57afb285fc6", size = 25335, upload-time = "2022-10-25T02:36:20.889Z" },
]

[[package]]
name = "duck-vd"
version = "0.1.0"
source = { virtual = "." }
dependencies = [
    { name = "click" },
    { name = "duckdb" },
    { name = "pandas" },
    { name = "pyarrow" },
]

[package.dev-dependencies]
dev = [
    { name = "basedpyright" },
    { name = "ruff" },
    { name = "ty" },
]

[package.metadata]
requires-dist = [
    { name = "click", specifier = ">=8.2.1" },
    { name = "duckdb", specifier = ">=0.9.0" },
    { name = "pandas", specifier = ">=2.3.1" },
    { name = "pyarrow", specifier = ">=21.0.0" },
]

[package.metadata.requires-dev]
dev = [
    { name = "basedpyright", specifier = ">=1.31.0" },
    { name = "ruff", specifier = ">=0.12.4" },
    { name = "ty", specifier = ">=0.0.1a14" },
]

[[package]]
name = "duckdb"
version = "1.3.2"
source = { registry = "https://pypi.org/simple" }
sdist = { url = "https://files.pythonhosted.org/packages/47/24/a2e7fb78fba577641c286fe33185789ab1e1569ccdf4d142e005995991d2/duckdb-1.3.2.tar.gz", hash = "sha256:c658df8a1bc78704f702ad0d954d82a1edd4518d7a04f00027ec53e40f591ff5", size = 11627775, upload-time = "2025-07-08T10:41:14.444Z" }
wheels = [
    { url = "https://files.pythonhosted.org/packages/f5/f0/8cac9713735864899e8abc4065bbdb3d1617f2130006d508a80e1b1a6c53/duckdb-1.3.2-cp313-cp313-macosx_12_0_arm64.whl", hash = "sha256:a3418c973b06ac4e97f178f803e032c30c9a9f56a3e3b43a866f33223dfbf60b", size = 15535350, upload-time = "2025-07-08T10:40:45.562Z" },
    { url = "https://files.pythonhosted.org/packages/c5/26/6698bbb30b7bce8b8b17697599f1517611c61e4bd68b37eaeaf4f5ddd915/duckdb-1.3.2-cp313-cp313-macosx_12_0_universal2.whl", hash = "sha256:2a741eae2cf110fd2223eeebe4151e22c0c02803e1cfac6880dbe8a39fecab6a", size = 32534715, upload-time = "2025-07-08T10:40:47.615Z" },
    { url = "https://files.pythonhosted.org/packages/10/75/8ab4da3099a2fac7335ecebce4246706d19bdd5dad167aa436b5b27c43c4/duckdb-1.3.2-cp313-cp313-macosx_12_0_x86_64.whl", hash = "sha256:51e62541341ea1a9e31f0f1ade2496a39b742caf513bebd52396f42ddd6525a0", size = 17110300, upload-time = "2025-07-08T10:40:49.674Z" },
    { url = "https://files.pythonhosted.org/packages/d1/46/af81b10d4a66a0f27c248df296d1b41ff2a305a235ed8488f93240f6f8b5/duckdb-1.3.2-cp313-cp313-manylinux_2_27_aarch64.manylinux_2_28_aarch64.whl", hash = "sha256:b3e519de5640e5671f1731b3ae6b496e0ed7e4de4a1c25c7a2f34c991ab64d71", size = 19180082, upload-time = "2025-07-08T10:40:51.679Z" },
    { url = "https://files.pythonhosted.org/packages/68/fc/259a54fc22111a847981927aa58528d766e8b228c6d41deb0ad8a1959f9f/duckdb-1.3.2-cp313-cp313-manylinux_2_27_x86_64.manylinux_2_28_x86_64.whl", hash = "sha256:4732fb8cc60566b60e7e53b8c19972cb5ed12d285147a3063b16cc64a79f6d9f", size = 21128404, upload-time = "2025-07-08T10:40:53.772Z" },
    { url = "https://files.pythonhosted.org/packages/ab/dc/5d5140383e40661173dacdceaddee2a97c3f6721a5e8d76e08258110595e/duckdb-1.3.2-cp313-cp313-musllinux_1_2_x86_64.whl", hash = "sha256:97f7a22dcaa1cca889d12c3dc43a999468375cdb6f6fe56edf840e062d4a8293", size = 22779786, upload-time = "2025-07-08T10:40:55.826Z" },
    { url = "https://files.pythonhosted.org/packages/51/c9/2fcd86ab7530a5b6caff42dbe516ce7a86277e12c499d1c1f5acd266ffb2/duckdb-1.3.2-cp313-cp313-win_amd64.whl", hash = "sha256:cd3d717bf9c49ef4b1016c2216517572258fa645c2923e91c5234053defa3fb5", size = 11395370, upload-time = "2025-07-08T10:40:57.655Z" },
]

[[package]]
name = "nodejs-wheel-binaries"
version = "22.17.0"
source = { registry = "https://pypi.org/simple" }
sdist = { url = "https://files.pythonhosted.org/packages/d3/86/8962d1d24ff480f4dd31871f42c8e0d8e2c851cd558a07ee689261d310ab/nodejs_wheel_binaries-22.17.0.tar.gz", hash = "sha256:529142012fb8fd20817ef70e2ef456274df4f49933292e312c8bbc7285af6408", size = 8068, upload-time = "2025-06-29T20:24:25.002Z" }
wheels = [
    { url = "https://files.pythonhosted.org/packages/5d/53/b942c6da4ff6f87a315033f6ff6fed8fd3c22047d7ff5802badaa5dfc2c2/nodejs_wheel_binaries-22.17.0-py2.py3-none-macosx_11_0_arm64.whl", hash = "sha256:6545a6f6d2f736d9c9e2eaad7e599b6b5b2d8fd4cbd2a1df0807cbcf51b9d39b", size = 51003554, upload-time = "2025-06-29T20:23:47.042Z" },
    { url = "https://files.pythonhosted.org/packages/e2/b7/7184a9ad2364912da22f2fe021dc4a3301721131ef7759aeb4a1f19db0b4/nodejs_wheel_binaries-22.17.0-py2.py3-none-macosx_11_0_x86_64.whl", hash = "sha256:4bea5b994dd87c20f8260031ea69a97c3d282e2d4472cc8908636a313a830d00", size = 51936848, upload-time = "2025-06-29T20:23:52.064Z" },
    { url = "https://files.pythonhosted.org/packages/e9/7a/0ea425147b8110b8fd65a6c21cfd3bd130cdec7766604361429ef870d799/nodejs_wheel_binaries-22.17.0-py2.py3-none-manylinux_2_17_aarch64.manylinux2014_aarch64.whl", hash = "sha256:885508615274a22499dd5314759c1cf96ba72de03e6485d73b3e5475e7f12662", size = 57925230, upload-time = "2025-06-29T20:23:56.81Z" },
    { url = "https://files.pythonhosted.org/packages/23/5f/10a3f2ac08a839d065d9ccfd6d9df66bc46e100eaf87a8a5cf149eb3fb8e/nodejs_wheel_binaries-22.17.0-py2.py3-none-manylinux_2_17_x86_64.manylinux2014_x86_64.whl", hash = "sha256:90f38ce034a602bcab534d55cbe0390521e73e5dcffdd1c4b34354b932172af2", size = 58457829, upload-time = "2025-06-29T20:24:01.945Z" },
    { url = "https://files.pythonhosted.org/packages/ed/a4/d2ca331e16eef0974eb53702df603c54f77b2a7e2007523ecdbf6cf61162/nodejs_wheel_binaries-22.17.0-py2.py3-none-musllinux_1_2_aarch64.whl", hash = "sha256:5eed087855b644c87001fe04036213193963ccd65e7f89949e9dbe28e7743d9b", size = 59778054, upload-time = "2025-06-29T20:24:07.14Z" },
    { url = "https://files.pythonhosted.org/packages/be/2b/04e0e7f7305fe2ba30fd4610bfb432516e0f65379fe6c2902f4b7b1ad436/nodejs_wheel_binaries-22.17.0-py2.py3-none-musllinux_1_2_x86_64.whl", hash = "sha256:715f413c81500f0770ea8936ef1fc2529b900da8054cbf6da67cec3ee308dc76", size = 60830079, upload-time = "2025-06-29T20:24:12.21Z" },
    { url = "https://files.pythonhosted.org/packages/ce/67/12070b24b88040c2d694883f3dcb067052f748798f4c63f7c865769a5747/nodejs_wheel_binaries-22.17.0-py2.py3-none-win_amd64.whl", hash = "sha256:51165630493c8dd4acfe1cae1684b76940c9b03f7f355597d55e2d056a572ddd", size = 40117877, upload-time = "2025-06-29T20:24:17.51Z" },
    { url = "https://files.pythonhosted.org/packages/2e/ec/53ac46af423527c23e40c7343189f2bce08a8337efedef4d8a33392cee23/nodejs_wheel_binaries-22.17.0-py2.py3-none-win_arm64.whl", hash = "sha256:fae56d172227671fccb04461d3cd2b26a945c6c7c7fc29edb8618876a39d8b4a", size = 38865278, upload-time = "2025-06-29T20:24:21.065Z" },
]

[[package]]
name = "numpy"
version = "2.3.1"
source = { registry = "https://pypi.org/simple" }
sdist = { url = "https://files.pythonhosted.org/packages/2e/19/d7c972dfe90a353dbd3efbbe1d14a5951de80c99c9dc1b93cd998d51dc0f/numpy-2.3.1.tar.gz", hash = "sha256:1ec9ae20a4226da374362cca3c62cd753faf2f951440b0e3b98e93c235441d2b", size = 20390372, upload-time = "2025-06-21T12:28:33.469Z" }
wheels = [
    { url = "https://files.pythonhosted.org/packages/d4/bd/35ad97006d8abff8631293f8ea6adf07b0108ce6fec68da3c3fcca1197f2/numpy-2.3.1-cp313-cp313-macosx_10_13_x86_64.whl", hash = "sha256:25a1992b0a3fdcdaec9f552ef10d8103186f5397ab45e2d25f8ac51b1a6b97e8", size = 20889381, upload-time = "2025-06-21T12:19:04.103Z" },
    { url = "https://files.pythonhosted.org/packages/f1/4f/df5923874d8095b6062495b39729178eef4a922119cee32a12ee1bd4664c/numpy-2.3.1-cp313-cp313-macosx_11_0_arm64.whl", hash = "sha256:7dea630156d39b02a63c18f508f85010230409db5b2927ba59c8ba4ab3e8272e", size = 14152726, upload-time = "2025-06-21T12:19:25.599Z" },
    { url = "https://files.pythonhosted.org/packages/8c/0f/a1f269b125806212a876f7efb049b06c6f8772cf0121139f97774cd95626/numpy-2.3.1-cp313-cp313-macosx_14_0_arm64.whl", hash = "sha256:bada6058dd886061f10ea15f230ccf7dfff40572e99fef440a4a857c8728c9c0", size = 5105145, upload-time = "2025-06-21T12:19:34.782Z" },
    { url = "https://files.pythonhosted.org/packages/6d/63/a7f7fd5f375b0361682f6ffbf686787e82b7bbd561268e4f30afad2bb3c0/numpy-2.3.1-cp313-cp313-macosx_14_0_x86_64.whl", hash = "sha256:a894f3816eb17b29e4783e5873f92faf55b710c2519e5c351767c51f79d8526d", size = 6639409, upload-time = "2025-06-21T12:19:45.228Z" },
    { url = "https://files.pythonhosted.org/packages/bf/0d/1854a4121af895aab383f4aa233748f1df4671ef331d898e32426756a8a6/numpy-2.3.1-cp313-cp313-manylinux_2_28_aarch64.whl", hash = "sha256:18703df6c4a4fee55fd3d6e5a253d01c5d33a295409b03fda0c86b3ca2ff41a1", size = 14257630, upload-time = "2025-06-21T12:20:06.544Z" },
    { url = "https://files.pythonhosted.org/packages/50/30/af1b277b443f2fb08acf1c55ce9d68ee540043f158630d62cef012750f9f/numpy-2.3.1-cp313-cp313-manylinux_2_28_x86_64.whl", hash = "sha256:5902660491bd7a48b2ec16c23ccb9124b8abfd9583c5fdfa123fe6b421e03de1", size = 16627546, upload-time = "2025-06-21T12:20:31.002Z" },
    { url = "https://files.pythonhosted.org/packages/6e/ec/3b68220c277e463095342d254c61be8144c31208db18d3fd8ef02712bcd6/numpy-2.3.1-cp313-cp313-musllinux_1_2_aarch64.whl", hash = "sha256:36890eb9e9d2081137bd78d29050ba63b8dab95dff7912eadf1185e80074b2a0", size = 15562538, upload-time = "2025-06-21T12:20:54.322Z" },
    { url = "https://files.pythonhosted.org/packages/77/2b/4014f2bcc4404484021c74d4c5ee8eb3de7e3f7ac75f06672f8dcf85140a/numpy-2.3.1-cp313-cp313-musllinux_1_2_x86_64.whl", hash = "sha256:a780033466159c2270531e2b8ac063704592a0bc62ec4a1b991c7c40705eb0e8", size = 18360327, upload-time = "2025-06-21T12:21:21.053Z" },
    { url = "https://files.pythonhosted.org/packages/40/8d/2ddd6c9b30fcf920837b8672f6c65590c7d92e43084c25fc65edc22e93ca/numpy-2.3.1-cp313-cp313-win32.whl", hash = "sha256:39bff12c076812595c3a306f22bfe49919c5513aa1e0e70fac756a0be7c2a2b8", size = 6312330, upload-time = "2025-06-21T12:25:07.447Z" },
    { url = "https://files.pythonhosted.org/packages/dd/c8/beaba449925988d415efccb45bf977ff8327a02f655090627318f6398c7b/numpy-2.3.1-cp313-cp313-win_amd64.whl", hash = "sha256:8d5ee6eec45f08ce507a6570e06f2f879b374a552087a4179ea7838edbcbfa42", size = 12731565, upload-time = "2025-06-21T12:25:26.444Z" },
    { url = "https://files.pythonhosted.org/packages/0b/c3/5c0c575d7ec78c1126998071f58facfc124006635da75b090805e642c62e/numpy-2.3.1-cp313-cp313-win_arm64.whl", hash = "sha256:0c4d9e0a8368db90f93bd192bfa771ace63137c3488d198ee21dfb8e7771916e", size = 10190262, upload-time = "2025-06-21T12:25:42.196Z" },
    { url = "https://files.pythonhosted.org/packages/ea/19/a029cd335cf72f79d2644dcfc22d90f09caa86265cbbde3b5702ccef6890/numpy-2.3.1-cp313-cp313t-macosx_10_13_x86_64.whl", hash = "sha256:b0b5397374f32ec0649dd98c652a1798192042e715df918c20672c62fb52d4b8", size = 20987593, upload-time = "2025-06-21T12:21:51.664Z" },
    { url = "https://files.pythonhosted.org/packages/25/91/8ea8894406209107d9ce19b66314194675d31761fe2cb3c84fe2eeae2f37/numpy-2.3.1-cp313-cp313t-macosx_11_0_arm64.whl", hash = "sha256:c5bdf2015ccfcee8253fb8be695516ac4457c743473a43290fd36eba6a1777eb", size = 14300523, upload-time = "2025-06-21T12:22:13.583Z" },
    { url = "https://files.pythonhosted.org/packages/a6/7f/06187b0066eefc9e7ce77d5f2ddb4e314a55220ad62dd0bfc9f2c44bac14/numpy-2.3.1-cp313-cp313t-macosx_14_0_arm64.whl", hash = "sha256:d70f20df7f08b90a2062c1f07737dd340adccf2068d0f1b9b3d56e2038979fee", size = 5227993, upload-time = "2025-06-21T12:22:22.53Z" },
    { url = "https://files.pythonhosted.org/packages/e8/ec/a926c293c605fa75e9cfb09f1e4840098ed46d2edaa6e2152ee35dc01ed3/numpy-2.3.1-cp313-cp313t-macosx_14_0_x86_64.whl", hash = "sha256:2fb86b7e58f9ac50e1e9dd1290154107e47d1eef23a0ae9145ded06ea606f992", size = 6736652, upload-time = "2025-06-21T12:22:33.629Z" },
    { url = "https://files.pythonhosted.org/packages/e3/62/d68e52fb6fde5586650d4c0ce0b05ff3a48ad4df4ffd1b8866479d1d671d/numpy-2.3.1-cp313-cp313t-manylinux_2_28_aarch64.whl", hash = "sha256:23ab05b2d241f76cb883ce8b9a93a680752fbfcbd51c50eff0b88b979e471d8c", size = 14331561, upload-time = "2025-06-21T12:22:55.056Z" },
    { url = "https://files.pythonhosted.org/packages/fc/ec/b74d3f2430960044bdad6900d9f5edc2dc0fb8bf5a0be0f65287bf2cbe27/numpy-2.3.1-cp313-cp313t-manylinux_2_28_x86_64.whl", hash = "sha256:ce2ce9e5de4703a673e705183f64fd5da5bf36e7beddcb63a25ee2286e71ca48", size = 16693349, upload-time = "2025-06-21T12:23:20.53Z" },
    { url = "https://files.pythonhosted.org/packages/0d/15/def96774b9d7eb198ddadfcbd20281b20ebb510580419197e225f5c55c3e/numpy-2.3.1-cp313-cp313t-musllinux_1_2_aarch64.whl", hash = "sha256:c4913079974eeb5c16ccfd2b1f09354b8fed7e0d6f2cab933104a09a6419b1ee", size = 15642053, upload-time = "2025-06-21T12:23:43.697Z" },
    { url = "https://files.pythonhosted.org/packages/2b/57/c3203974762a759540c6ae71d0ea2341c1fa41d84e4971a8e76d7141678a/numpy-2.3.1-cp313-cp313t-musllinux_1_2_x86_64.whl", hash = "sha256:010ce9b4f00d5c036053ca684c77441f2f2c934fd23bee058b4d6f196efd8280", size = 18434184, upload-time = "2025-06-21T12:24:10.708Z" },
    { url = "https://files.pythonhosted.org/packages/22/8a/ccdf201457ed8ac6245187850aff4ca56a79edbea4829f4e9f14d46fa9a5/numpy-2.3.1-cp313-cp313t-win32.whl", hash = "sha256:6269b9edfe32912584ec496d91b00b6d34282ca1d07eb10e82dfc780907d6c2e", size = 6440678, upload-time = "2025-06-21T12:24:21.596Z" },
    { url = "https://files.pythonhosted.org/packages/f1/7e/7f431d8bd8eb7e03d79294aed238b1b0b174b3148570d03a8a8a8f6a0da9/numpy-2.3.1-cp313-cp313t-win_amd64.whl", hash = "sha256:2a809637460e88a113e186e87f228d74ae2852a2e0c44de275263376f17b5bdc", size = 12870697, upload-time = "2025-06-21T12:24:40.644Z" },
    { url = "https://files.pythonhosted.org/packages/d4/ca/af82bf0fad4c3e573c6930ed743b5308492ff19917c7caaf2f9b6f9e2e98/numpy-2.3.1-cp313-cp313t-win_arm64.whl", hash = "sha256:eccb9a159db9aed60800187bc47a6d3451553f0e1b08b068d8b277ddfbb9b244", size = 10260376, upload-time = "2025-06-21T12:24:56.884Z" },
]

[[package]]
name = "pandas"
version = "2.3.1"
source = { registry = "https://pypi.org/simple" }
dependencies = [
    { name = "numpy" },
    { name = "python-dateutil" },
    { name = "pytz" },
    { name = "tzdata" },
]
sdist = { url = "https://files.pythonhosted.org/packages/d1/6f/75aa71f8a14267117adeeed5d21b204770189c0a0025acbdc03c337b28fc/pandas-2.3.1.tar.gz", hash = "sha256:0a95b9ac964fe83ce317827f80304d37388ea77616b1425f0ae41c9d2d0d7bb2", size = 4487493, upload-time = "2025-07-07T19:20:04.079Z" }
wheels = [
    { url = "https://files.pythonhosted.org/packages/32/ed/ff0a67a2c5505e1854e6715586ac6693dd860fbf52ef9f81edee200266e7/pandas-2.3.1-cp313-cp313-macosx_10_13_x86_64.whl", hash = "sha256:9026bd4a80108fac2239294a15ef9003c4ee191a0f64b90f170b40cfb7cf2d22", size = 11531393, upload-time = "2025-07-07T19:19:12.245Z" },
    { url = "https://files.pythonhosted.org/packages/c7/db/d8f24a7cc9fb0972adab0cc80b6817e8bef888cfd0024eeb5a21c0bb5c4a/pandas-2.3.1-cp313-cp313-macosx_11_0_arm64.whl", hash = "sha256:6de8547d4fdb12421e2d047a2c446c623ff4c11f47fddb6b9169eb98ffba485a", size = 10668750, upload-time = "2025-07-07T19:19:14.612Z" },
    { url = "https://files.pythonhosted.org/packages/0f/b0/80f6ec783313f1e2356b28b4fd8d2148c378370045da918c73145e6aab50/pandas-2.3.1-cp313-cp313-manylinux_2_17_aarch64.manylinux2014_aarch64.whl", hash = "sha256:782647ddc63c83133b2506912cc6b108140a38a37292102aaa19c81c83db2928", size = 11342004, upload-time = "2025-07-07T19:19:16.857Z" },
    { url = "https://files.pythonhosted.org/packages/e9/e2/20a317688435470872885e7fc8f95109ae9683dec7c50be29b56911515a5/pandas-2.3.1-cp313-cp313-manylinux_2_17_x86_64.manylinux2014_x86_64.whl", hash = "sha256:2ba6aff74075311fc88504b1db890187a3cd0f887a5b10f5525f8e2ef55bfdb9", size = 12050869, upload-time = "2025-07-07T19:19:19.265Z" },
    { url = "https://files.pythonhosted.org/packages/55/79/20d746b0a96c67203a5bee5fb4e00ac49c3e8009a39e1f78de264ecc5729/pandas-2.3.1-cp313-cp313-musllinux_1_2_aarch64.whl", hash = "sha256:e5635178b387bd2ba4ac040f82bc2ef6e6b500483975c4ebacd34bec945fda12", size = 12750218, upload-time = "2025-07-07T19:19:21.547Z" },
    { url = "https://files.pythonhosted.org/packages/7c/0f/145c8b41e48dbf03dd18fdd7f24f8ba95b8254a97a3379048378f33e7838/pandas-2.3.1-cp313-cp313-musllinux_1_2_x86_64.whl", hash = "sha256:6f3bf5ec947526106399a9e1d26d40ee2b259c66422efdf4de63c848492d91bb", size = 13416763, upload-time = "2025-07-07T19:19:23.939Z" },
    { url = "https://files.pythonhosted.org/packages/b2/c0/54415af59db5cdd86a3d3bf79863e8cc3fa9ed265f0745254061ac09d5f2/pandas-2.3.1-cp313-cp313-win_amd64.whl", hash = "sha256:1c78cf43c8fde236342a1cb2c34bcff89564a7bfed7e474ed2fffa6aed03a956", size = 10987482, upload-time = "2025-07-07T19:19:42.699Z" },
    { url = "https://files.pythonhosted.org/packages/48/64/2fd2e400073a1230e13b8cd604c9bc95d9e3b962e5d44088ead2e8f0cfec/pandas-2.3.1-cp313-cp313t-macosx_10_13_x86_64.whl", hash = "sha256:8dfc17328e8da77be3cf9f47509e5637ba8f137148ed0e9b5241e1baf526e20a", size = 12029159, upload-time = "2025-07-07T19:19:26.362Z" },
    { url = "https://files.pythonhosted.org/packages/d8/0a/d84fd79b0293b7ef88c760d7dca69828d867c89b6d9bc52d6a27e4d87316/pandas-2.3.1-cp313-cp313t-macosx_11_0_arm64.whl", hash = "sha256:ec6c851509364c59a5344458ab935e6451b31b818be467eb24b0fe89bd05b6b9", size = 11393287, upload-time = "2025-07-07T19:19:29.157Z" },
    { url = "https://files.pythonhosted.org/packages/50/ae/ff885d2b6e88f3c7520bb74ba319268b42f05d7e583b5dded9837da2723f/pandas-2.3.1-cp313-cp313t-manylinux_2_17_aarch64.manylinux2014_aarch64.whl", hash = "sha256:911580460fc4884d9b05254b38a6bfadddfcc6aaef856fb5859e7ca202e45275", size = 11309381, upload-time = "2025-07-07T19:19:31.436Z" },
    { url = "https://files.pythonhosted.org/packages/85/86/1fa345fc17caf5d7780d2699985c03dbe186c68fee00b526813939062bb0/pandas-2.3.1-cp313-cp313t-manylinux_2_17_x86_64.manylinux2014_x86_64.whl", hash = "sha256:2f4d6feeba91744872a600e6edbbd5b033005b431d5ae8379abee5bcfa479fab", size = 11883998, upload-time = "2025-07-07T19:19:34.267Z" },
    { url = "https://files.pythonhosted.org/packages/81/aa/e58541a49b5e6310d89474333e994ee57fea97c8aaa8fc7f00b873059bbf/pandas-2.3.1-cp313-cp313t-musllinux_1_2_aarch64.whl", hash = "sha256:fe37e757f462d31a9cd7580236a82f353f5713a80e059a29753cf938c6775d96", size = 12704705, upload-time = "2025-07-07T19:19:36.856Z" },
    { url = "https://files.pythonhosted.org/packages/d5/f9/07086f5b0f2a19872554abeea7658200824f5835c58a106fa8f2ae96a46c/pandas-2.3.1-cp313-cp313t-musllinux_1_2_x86_64.whl", hash = "sha256:5db9637dbc24b631ff3707269ae4559bce4b7fd75c1c4d7e13f40edc42df4444", size = 13189044, upload-time = "2025-07-07T19:19:39.999Z" },
]

[[package]]
name = "pyarrow"
version = "21.0.0"
source = { registry = "https://pypi.org/simple" }
sdist = { url = "https://files.pythonhosted.org/packages/ef/c2/ea068b8f00905c06329a3dfcd40d0fcc2b7d0f2e355bdb25b65e0a0e4cd4/pyarrow-21.0.0.tar.gz", hash = "sha256:5051f2dccf0e283ff56335760cbc8622cf52264d67e359d5569541ac11b6d5bc", size = 1133487, upload-time = "2025-07-18T00:57:31.761Z" }
wheels = [
    { url = "https://files.pythonhosted.org/packages/16/ca/c7eaa8e62db8fb37ce942b1ea0c6d7abfe3786ca193957afa25e71b81b66/pyarrow-21.0.0-cp313-cp313-macosx_12_0_arm64.whl", hash = "sha256:e99310a4ebd4479bcd1964dff9e14af33746300cb014aa4a3781738ac63baf4a", size = 31154306, upload-time = "2025-07-18T00:56:04.42Z" },
    { url = "https://files.pythonhosted.org/packages/ce/e8/e87d9e3b2489302b3a1aea709aaca4b781c5252fcb812a17ab6275a9a484/pyarrow-21.0.0-cp313-cp313-macosx_12_0_x86_64.whl", hash = "sha256:d2fe8e7f3ce329a71b7ddd7498b3cfac0eeb200c2789bd840234f0dc271a8efe", size = 32680622, upload-time = "2025-07-18T00:56:07.505Z" },
    { url = "https://files.pythonhosted.org/packages/84/52/79095d73a742aa0aba370c7942b1b655f598069489ab387fe47261a849e1/pyarrow-21.0.0-cp313-cp313-manylinux_2_28_aarch64.whl", hash = "sha256:f522e5709379d72fb3da7785aa489ff0bb87448a9dc5a75f45763a795a089ebd", size = 41104094, upload-time = "2025-07-18T00:56:10.994Z" },
    { url = "https://files.pythonhosted.org/packages/89/4b/7782438b551dbb0468892a276b8c789b8bbdb25ea5c5eb27faadd753e037/pyarrow-21.0.0-cp313-cp313-manylinux_2_28_x86_64.whl", hash = "sha256:69cbbdf0631396e9925e048cfa5bce4e8c3d3b41562bbd70c685a8eb53a91e61", size = 42825576, upload-time = "2025-07-18T00:56:15.569Z" },
    { url = "https://files.pythonhosted.org/packages/b3/62/0f29de6e0a1e33518dec92c65be0351d32d7ca351e51ec5f4f837a9aab91/pyarrow-21.0.0-cp313-cp313-musllinux_1_2_aarch64.whl", hash = "sha256:731c7022587006b755d0bdb27626a1a3bb004bb56b11fb30d98b6c1b4718579d", size = 43368342, upload-time = "2025-07-18T00:56:19.531Z" },
    { url = "https://files.pythonhosted.org/packages/90/c7/0fa1f3f29cf75f339768cc698c8ad4ddd2481c1742e9741459911c9ac477/pyarrow-21.0.0-cp313-cp313-musllinux_1_2_x86_64.whl", hash = "sha256:dc56bc708f2d8ac71bd1dcb927e458c93cec10b98eb4120206a4091db7b67b99", size = 45131218, upload-time = "2025-07-18T00:56:23.347Z" },
    { url = "https://files.pythonhosted.org/packages/01/63/581f2076465e67b23bc5a37d4a2abff8362d389d29d8105832e82c9c811c/pyarrow-21.0.0-cp313-cp313-win_amd64.whl", hash = "sha256:186aa00bca62139f75b7de8420f745f2af12941595bbbfa7ed3870ff63e25636", size = 26087551, upload-time = "2025-07-18T00:56:26.758Z" },
    { url = "https://files.pythonhosted.org/packages/c9/ab/357d0d9648bb8241ee7348e564f2479d206ebe6e1c47ac5027c2e31ecd39/pyarrow-21.0.0-cp313-cp313t-macosx_12_0_arm64.whl", hash = "sha256:a7a102574faa3f421141a64c10216e078df467ab9576684d5cd696952546e2da", size = 31290064, upload-time = "2025-07-18T00:56:30.214Z" },
    { url = "https://files.pythonhosted.org/packages/3f/8a/5685d62a990e4cac2043fc76b4661bf38d06efed55cf45a334b455bd2759/pyarrow-21.0.0-cp313-cp313t-macosx_12_0_x86_64.whl", hash = "sha256:1e005378c4a2c6db3ada3ad4c217b381f6c886f0a80d6a316fe586b90f77efd7", size = 32727837, upload-time = "2025-07-18T00:56:33.935Z" },
    { url = "https://files.pythonhosted.org/packages/fc/de/c0828ee09525c2bafefd3e736a248ebe764d07d0fd762d4f0929dbc516c9/pyarrow-21.0.0-cp313-cp313t-manylinux_2_28_aarch64.whl", hash = "sha256:65f8e85f79031449ec8706b74504a316805217b35b6099155dd7e227eef0d4b6", size = 41014158, upload-time = "2025-07-18T00:56:37.528Z" },
    { url = "https://files.pythonhosted.org/packages/6e/26/a2865c420c50b7a3748320b614f3484bfcde8347b2639b2b903b21ce6a72/pyarrow-21.0.0-cp313-cp313t-manylinux_2_28_x86_64.whl", hash = "sha256:3a81486adc665c7eb1a2bde0224cfca6ceaba344a82a971ef059678417880eb8", size = 42667885, upload-time = "2025-07-18T00:56:41.483Z" },
    { url = "https://files.pythonhosted.org/packages/0a/f9/4ee798dc902533159250fb4321267730bc0a107d8c6889e07c3add4fe3a5/pyarrow-21.0.0-cp313-cp313t-musllinux_1_2_aarch64.whl", hash = "sha256:fc0d2f88b81dcf3ccf9a6ae17f89183762c8a94a5bdcfa09e05cfe413acf0503", size = 43276625, upload-time = "2025-07-18T00:56:48.002Z" },
    { url = "https://files.pythonhosted.org/packages/5a/da/e02544d6997037a4b0d22d8e5f66bc9315c3671371a8b18c79ade1cefe14/pyarrow-21.0.0-cp313-cp313t-musllinux_1_2_x86_64.whl", hash = "sha256:6299449adf89df38537837487a4f8d3bd91ec94354fdd2a7d30bc11c48ef6e79", size = 44951890, upload-time = "2025-07-18T00:56:52.568Z" },
    { url = "https://files.pythonhosted.org/packages/e5/4e/519c1bc1876625fe6b71e9a28287c43ec2f20f73c658b9ae1d485c0c206e/pyarrow-21.0.0-cp313-cp313t-win_amd64.whl", hash = "sha256:222c39e2c70113543982c6b34f3077962b44fca38c0bd9e68bb6781534425c10", size = 26371006, upload-time = "2025-07-18T00:56:56.379Z" },
]

[[package]]
name = "python-dateutil"
version = "2.9.0.post0"
source = { registry = "https://pypi.org/simple" }
dependencies = [
    { name = "six" },
]
sdist = { url = "https://files.pythonhosted.org/packages/66/c0/0c8b6ad9f17a802ee498c46e004a0eb49bc148f2fd230864601a86dcf6db/python-dateutil-2.9.0.post0.tar.gz", hash = "sha256:37dd54208da7e1cd875388217d5e00ebd4179249f90fb72437e91a35459a0ad3", size = 342432, upload-time = "2024-03-01T18:36:20.211Z" }
wheels = [
    { url = "https://files.pythonhosted.org/packages/ec/57/56b9bcc3c9c6a792fcbaf139543cee77261f3651ca9da0c93f5c1221264b/python_dateutil-2.9.0.post0-py2.py3-none-any.whl", hash = "sha256:a8b2bc7bffae282281c8140a97d3aa9c14da0b136dfe83f850eea9a5f7470427", size = 229892, upload-time = "2024-03-01T18:36:18.57Z" },
]

[[package]]
name = "pytz"
version = "2025.2"
source = { registry = "https://pypi.org/simple" }
sdist = { url = "https://files.pythonhosted.org/packages/f8/bf/abbd3cdfb8fbc7fb3d4d38d320f2441b1e7cbe29be4f23797b4a2b5d8aac/pytz-2025.2.tar.gz", hash = "sha256:360b9e3dbb49a209c21ad61809c7fb453643e048b38924c765813546746e81c3", size = 320884, upload-time = "2025-03-25T02:25:00.538Z" }
wheels = [
    { url = "https://files.pythonhosted.org/packages/81/c4/34e93fe5f5429d7570ec1fa436f1986fb1f00c3e0f43a589fe2bbcd22c3f/pytz-2025.2-py2.py3-none-any.whl", hash = "sha256:5ddf76296dd8c44c26eb8f4b6f35488f3ccbf6fbbd7adee0b7262d43f0ec2f00", size = 509225, upload-time = "2025-03-25T02:24:58.468Z" },
]

[[package]]
name = "ruff"
version = "0.12.4"
source = { registry = "https://pypi.org/simple" }
sdist = { url = "https://files.pythonhosted.org/packages/9b/ce/8d7dbedede481245b489b769d27e2934730791a9a82765cb94566c6e6abd/ruff-0.12.4.tar.gz", hash = "sha256:13efa16df6c6eeb7d0f091abae50f58e9522f3843edb40d56ad52a5a4a4b6873", size = 5131435, upload-time = "2025-07-17T17:27:19.138Z" }
wheels = [
    { url = "https://files.pythonhosted.org/packages/ae/9f/517bc5f61bad205b7f36684ffa5415c013862dee02f55f38a217bdbe7aa4/ruff-0.12.4-py3-none-linux_armv6l.whl", hash = "sha256:cb0d261dac457ab939aeb247e804125a5d521b21adf27e721895b0d3f83a0d0a", size = 10188824, upload-time = "2025-07-17T17:26:31.412Z" },
    { url = "https://files.pythonhosted.org/packages/28/83/691baae5a11fbbde91df01c565c650fd17b0eabed259e8b7563de17c6529/ruff-0.12.4-py3-none-macosx_10_12_x86_64.whl", hash = "sha256:55c0f4ca9769408d9b9bac530c30d3e66490bd2beb2d3dae3e4128a1f05c7442", size = 10884521, upload-time = "2025-07-17T17:26:35.084Z" },
    { url = "https://files.pythonhosted.org/packages/d6/8d/756d780ff4076e6dd035d058fa220345f8c458391f7edfb1c10731eedc75/ruff-0.12.4-py3-none-macosx_11_0_arm64.whl", hash = "sha256:a8224cc3722c9ad9044da7f89c4c1ec452aef2cfe3904365025dd2f51daeae0e", size = 10277653, upload-time = "2025-07-17T17:26:37.897Z" },
    { url = "https://files.pythonhosted.org/packages/8d/97/8eeee0f48ece153206dce730fc9e0e0ca54fd7f261bb3d99c0a4343a1892/ruff-0.12.4-py3-none-manylinux_2_17_aarch64.manylinux2014_aarch64.whl", hash = "sha256:e9949d01d64fa3672449a51ddb5d7548b33e130240ad418884ee6efa7a229586", size = 10485993, upload-time = "2025-07-17T17:26:40.68Z" },
    { url = "https://files.pythonhosted.org/packages/49/b8/22a43d23a1f68df9b88f952616c8508ea6ce4ed4f15353b8168c48b2d7e7/ruff-0.12.4-py3-none-manylinux_2_17_armv7l.manylinux2014_armv7l.whl", hash = "sha256:be0593c69df9ad1465e8a2d10e3defd111fdb62dcd5be23ae2c06da77e8fcffb", size = 10022824, upload-time = "2025-07-17T17:26:43.564Z" },
    { url = "https://files.pythonhosted.org/packages/cd/70/37c234c220366993e8cffcbd6cadbf332bfc848cbd6f45b02bade17e0149/ruff-0.12.4-py3-none-manylinux_2_17_i686.manylinux2014_i686.whl", hash = "sha256:a7dea966bcb55d4ecc4cc3270bccb6f87a337326c9dcd3c07d5b97000dbff41c", size = 11524414, upload-time = "2025-07-17T17:26:46.219Z" },
    { url = "https://files.pythonhosted.org/packages/14/77/c30f9964f481b5e0e29dd6a1fae1f769ac3fd468eb76fdd5661936edd262/ruff-0.12.4-py3-none-manylinux_2_17_ppc64.manylinux2014_ppc64.whl", hash = "sha256:afcfa3ab5ab5dd0e1c39bf286d829e042a15e966b3726eea79528e2e24d8371a", size = 12419216, upload-time = "2025-07-17T17:26:48.883Z" },
    { url = "https://files.pythonhosted.org/packages/6e/79/af7fe0a4202dce4ef62c5e33fecbed07f0178f5b4dd9c0d2fcff5ab4a47c/ruff-0.12.4-py3-none-manylinux_2_17_ppc64le.manylinux2014_ppc64le.whl", hash = "sha256:c057ce464b1413c926cdb203a0f858cd52f3e73dcb3270a3318d1630f6395bb3", size = 11976756, upload-time = "2025-07-17T17:26:51.754Z" },
    { url = "https://files.pythonhosted.org/packages/09/d1/33fb1fc00e20a939c305dbe2f80df7c28ba9193f7a85470b982815a2dc6a/ruff-0.12.4-py3-none-manylinux_2_17_s390x.manylinux2014_s390x.whl", hash = "sha256:e64b90d1122dc2713330350626b10d60818930819623abbb56535c6466cce045", size = 11020019, upload-time = "2025-07-17T17:26:54.265Z" },
    { url = "https://files.pythonhosted.org/packages/64/f4/e3cd7f7bda646526f09693e2e02bd83d85fff8a8222c52cf9681c0d30843/ruff-0.12.4-py3-none-manylinux_2_17_x86_64.manylinux2014_x86_64.whl", hash = "sha256:2abc48f3d9667fdc74022380b5c745873499ff827393a636f7a59da1515e7c57", size = 11277890, upload-time = "2025-07-17T17:26:56.914Z" },
    { url = "https://files.pythonhosted.org/packages/5e/d0/69a85fb8b94501ff1a4f95b7591505e8983f38823da6941eb5b6badb1e3a/ruff-0.12.4-py3-none-musllinux_1_2_aarch64.whl", hash = "sha256:2b2449dc0c138d877d629bea151bee8c0ae3b8e9c43f5fcaafcd0c0d0726b184", size = 10348539, upload-time = "2025-07-17T17:26:59.381Z" },
    { url = "https://files.pythonhosted.org/packages/16/a0/91372d1cb1678f7d42d4893b88c252b01ff1dffcad09ae0c51aa2542275f/ruff-0.12.4-py3-none-musllinux_1_2_armv7l.whl", hash = "sha256:56e45bb11f625db55f9b70477062e6a1a04d53628eda7784dce6e0f55fd549eb", size = 10009579, upload-time = "2025-07-17T17:27:02.462Z" },
    { url = "https://files.pythonhosted.org/packages/23/1b/c4a833e3114d2cc0f677e58f1df6c3b20f62328dbfa710b87a1636a5e8eb/ruff-0.12.4-py3-none-musllinux_1_2_i686.whl", hash = "sha256:478fccdb82ca148a98a9ff43658944f7ab5ec41c3c49d77cd99d44da019371a1", size = 10942982, upload-time = "2025-07-17T17:27:05.343Z" },
    { url = "https://files.pythonhosted.org/packages/ff/ce/ce85e445cf0a5dd8842f2f0c6f0018eedb164a92bdf3eda51984ffd4d989/ruff-0.12.4-py3-none-musllinux_1_2_x86_64.whl", hash = "sha256:0fc426bec2e4e5f4c4f182b9d2ce6a75c85ba9bcdbe5c6f2a74fcb8df437df4b", size = 11343331, upload-time = "2025-07-17T17:27:08.652Z" },
    { url = "https://files.pythonhosted.org/packages/35/cf/441b7fc58368455233cfb5b77206c849b6dfb48b23de532adcc2e50ccc06/ruff-0.12.4-py3-none-win32.whl", hash = "sha256:4de27977827893cdfb1211d42d84bc180fceb7b72471104671c59be37041cf93", size = 10267904, upload-time = "2025-07-17T17:27:11.814Z" },
    { url = "https://files.pythonhosted.org/packages/ce/7e/20af4a0df5e1299e7368d5ea4350412226afb03d95507faae94c80f00afd/ruff-0.12.4-py3-none-win_amd64.whl", hash = "sha256:fe0b9e9eb23736b453143d72d2ceca5db323963330d5b7859d60d101147d461a", size = 11209038, upload-time = "2025-07-17T17:27:14.417Z" },
    { url = "https://files.pythonhosted.org/packages/11/02/8857d0dfb8f44ef299a5dfd898f673edefb71e3b533b3b9d2db4c832dd13/ruff-0.12.4-py3-none-win_arm64.whl", hash = "sha256:0618ec4442a83ab545e5b71202a5c0ed7791e8471435b94e655b570a5031a98e", size = 10469336, upload-time = "2025-07-17T17:27:16.913Z" },
]

[[package]]
name = "six"
version = "1.17.0"
source = { registry = "https://pypi.org/simple" }
sdist = { url = "https://files.pythonhosted.org/packages/94/e7/b2c673351809dca68a0e064b6af791aa332cf192da575fd474ed7d6f16a2/six-1.17.0.tar.gz", hash = "sha256:ff70335d468e7eb6ec65b95b99d3a2836546063f63acc5171de367e834932a81", size = 34031, upload-time = "2024-12-04T17:35:28.174Z" }
wheels = [
    { url = "https://files.pythonhosted.org/packages/b7/ce/149a00dd41f10bc29e5921b496af8b574d8413afcd5e30dfa0ed46c2cc5e/six-1.17.0-py2.py3-none-any.whl", hash = "sha256:4721f391ed90541fddacab5acf947aa0d3dc7d27b2e1e8eda2be8970586c3274", size = 11050, upload-time = "2024-12-04T17:35:26.475Z" },
]

[[package]]
name = "ty"
version = "0.0.1a14"
source = { registry = "https://pypi.org/simple" }
sdist = { url = "https://files.pythonhosted.org/packages/b3/c2/743ef78f8ddcdd8a8e074b6ad6eb01fa5d8c110f5e25e0142087b175b212/ty-0.0.1a14.tar.gz", hash = "sha256:a9ecac10c63a7c193c78ef1a01956c7c579e4d8498d3ec77543fe31a5a9e3912", size = 3176178, upload-time = "2025-07-08T11:57:34.171Z" }
wheels = [
    { url = "https://files.pythonhosted.org/packages/66/10/4c29110e6571b00206962b219afa38e661001011bfc1b36bec4f74fdf51d/ty-0.0.1a14-py3-none-linux_armv6l.whl", hash = "sha256:165acd7a7c49d9cbd20b8fa72a7dab0ccceae935593618aba9218950fdbb0e08", size = 6969793, upload-time = "2025-07-08T11:57:07.349Z" },
    { url = "https://files.pythonhosted.org/packages/1b/bc/1d64ef953a53474725847a8bd3418e422218ed7024fe2bd9e3c9c2c859ce/ty-0.0.1a14-py3-none-macosx_10_12_x86_64.whl", hash = "sha256:54c357059f0c0d27f1efc544c0c9475f918d5cd579e7fa38365c5e2e4ef5868a", size = 7076030, upload-time = "2025-07-08T11:57:09.286Z" },
    { url = "https://files.pythonhosted.org/packages/de/b6/672bac4f24fab47def3c672a0a97d1eafbd6baef61b99ebefb805944c2a9/ty-0.0.1a14-py3-none-macosx_11_0_arm64.whl", hash = "sha256:c729efdddcfc7fe66df284a321cb2b8ea8c36f7e0a322176f0b5ffd3ca45db90", size = 6699358, upload-time = "2025-07-08T11:57:10.621Z" },
    { url = "https://files.pythonhosted.org/packages/99/1e/0a8d7a49c324584451309f96fc85f462e2b2052c216e82a2f689f9e477c0/ty-0.0.1a14-py3-none-manylinux_2_17_aarch64.manylinux2014_aarch64.whl", hash = "sha256:e593d549118e3794e11ab09e610520654a4c91a8c2ffaff8c31845067c2cf883", size = 6834240, upload-time = "2025-07-08T11:57:12.284Z" },
    { url = "https://files.pythonhosted.org/packages/5b/97/e57c49e7d5216af907ca83e4e4ede7471cef53284f90f8fe11f6051031d8/ty-0.0.1a14-py3-none-manylinux_2_17_armv7l.manylinux2014_armv7l.whl", hash = "sha256:679f715d9d4b5558231eafe6c4441a0a53c245a669ac2ba049c0996e538f7e88", size = 6810434, upload-time = "2025-07-08T11:57:13.643Z" },
    { url = "https://files.pythonhosted.org/packages/1b/0f/293680a83e7c86354b97a7e8cb08896338370eb169383c7b687aa3311f96/ty-0.0.1a14-py3-none-manylinux_2_17_i686.manylinux2014_i686.whl", hash = "sha256:541487c8b896c0094a32e91f96b2d6ee9bc3c1f1c0a9c5c781eef0002ca437a4", size = 7622086, upload-time = "2025-07-08T11:57:15.14Z" },
    { url = "https://files.pythonhosted.org/packages/2a/9c/f5d730903d65a0eb989d793a1d7e5a62f765841c45bef325403edf342810/ty-0.0.1a14-py3-none-manylinux_2_17_ppc64.manylinux2014_ppc64.whl", hash = "sha256:aa9ffb8a518762e78b0c6780475e89bfc8e040fb9832918b6bf79c5e8e96da92", size = 8073710, upload-time = "2025-07-08T11:57:16.512Z" },
    { url = "https://files.pythonhosted.org/packages/0e/09/f39d0f626df4841d39bdc8ae9052f91f65b45beff281bdf29a53efea79bf/ty-0.0.1a14-py3-none-manylinux_2_17_ppc64le.manylinux2014_ppc64le.whl", hash = "sha256:3bae3288461e3db28dd19f12d4f71d88f5be201283f6d8790d467cb87d9717bd", size = 7716213, upload-time = "2025-07-08T11:57:18.136Z" },
    { url = "https://files.pythonhosted.org/packages/68/5a/afdab1afec623ecede8108733228703bb4cb25fa8210ba16427fcd1c0429/ty-0.0.1a14-py3-none-manylinux_2_17_s390x.manylinux2014_s390x.whl", hash = "sha256:032ff6d43272c5a87ef2cf56773a4e44c370d98cdd129bc4b352d6c63c5348c7", size = 7559696, upload-time = "2025-07-08T11:57:19.816Z" },
    { url = "https://files.pythonhosted.org/packages/a7/26/e422f8ed5ca63b50bf87de5b4bc8fd15cb203a8d2690b2f447ccff0c74fb/ty-0.0.1a14-py3-none-manylinux_2_17_x86_64.manylinux2014_x86_64.whl", hash = "sha256:1cd7739be014ff5dee50b3a83252c7953cf278567079bde0e33c5203ff576d9b", size = 7375483, upload-time = "2025-07-08T11:57:21.525Z" },
    { url = "https://files.pythonhosted.org/packages/ea/f2/bb88da6ba64bfe5edff636738861a6b78050611da9540e372635e599ee4c/ty-0.0.1a14-py3-none-musllinux_1_2_aarch64.whl", hash = "sha256:5776cf7ea1000be79cd70d44fafe15b3695bac1a115806421402dfa79ba9953e", size = 6726122, upload-time = "2025-07-08T11:57:24.116Z" },
    { url = "https://files.pythonhosted.org/packages/93/96/62566786e9124b8f0f2fbced5e57046534e5835af83f9efb4a0c861f6a61/ty-0.0.1a14-py3-none-musllinux_1_2_armv7l.whl", hash = "sha256:10d62346a56a0d21c809ae885ca7513a1c54da8c94029664eeb68fbdd3effc02", size = 6839605, upload-time = "2025-07-08T11:57:25.705Z" },
    { url = "https://files.pythonhosted.org/packages/12/26/40b7e7388a5308cc53dd440cb24d1a95b3efd07c4a374fce9cd0fe777049/ty-0.0.1a14-py3-none-musllinux_1_2_i686.whl", hash = "sha256:7a5bb97658bf3fa054833bf3511499e1422a27dee7a3c10aff56d4daa3821d6d", size = 7268362, upload-time = "2025-07-08T11:57:27.012Z" },
    { url = "https://files.pythonhosted.org/packages/14/50/11f275d7cb413104dea1360a997ad373839ed0108980912605e59188afba/ty-0.0.1a14-py3-none-musllinux_1_2_x86_64.whl", hash = "sha256:a89c075ae1238d215de2343909952e872306791fbad96a8ffd119a83a3e0a914", size = 7435560, upload-time = "2025-07-08T11:57:28.673Z" },
    { url = "https://files.pythonhosted.org/packages/11/b6/468c98f9520515fd9a65ce5a51c9aa39f7f944cb8f320328839cef65d1f1/ty-0.0.1a14-py3-none-win32.whl", hash = "sha256:6c3e87f4549a1bf7524df074a4fe9a5815aff25e536c5fc6f1518b72e74a17cf", size = 6573723, upload-time = "2025-07-08T11:57:30.285Z" },
    { url = "https://files.pythonhosted.org/packages/1c/82/a771661d3d64e17688063dc5573e8eebc0683f581c843b840f5b03d108f7/ty-0.0.1a14-py3-none-win_amd64.whl", hash = "sha256:0ed6145dae24b68638037d7c82f094b22adfb48114678120cf392092973fad96", size = 7181298, upload-time = "2025-07-08T11:57:31.642Z" },
    { url = "https://files.pythonhosted.org/packages/9d/d0/68b106ddc25239d4a7114e64211aa5ad5d27488c1a318ab8ad057b88b4a7/ty-0.0.1a14-py3-none-win_arm64.whl", hash = "sha256:67717fbbb501c9deb11141662688804513082992aaeb5fdc6a3b7cd8e77eea8e", size = 6788031, upload-time = "2025-07-08T11:57:32.943Z" },
]

[[package]]
name = "tzdata"
version = "2025.2"
source = { registry = "https://pypi.org/simple" }
sdist = { url = "https://files.pythonhosted.org/packages/95/32/1a225d6164441be760d75c2c42e2780dc0873fe382da3e98a2e1e48361e5/tzdata-2025.2.tar.gz", hash = "sha256:b60a638fcc0daffadf82fe0f57e53d06bdec2f36c4df66280ae79bce6bd6f2b9", size = 196380, upload-time = "2025-03-23T13:54:43.652Z" }
wheels = [
    { url = "https://files.pythonhosted.org/packages/5c/23/c7abc0ca0a1526a0774eca151daeb8de62ec457e77262b66b359c3c7679e/tzdata-2025.2-py2.py3-none-any.whl", hash = "sha256:1a403fada01ff9221ca8044d701868fa132215d84beb92242d9acd2147f667a8", size = 347839, upload-time = "2025-03-23T13:54:41.845Z" },
]
